github.com/mjcarpent/calc-lib v0.0.0 h1:0nYIwukCPXdIoYT/pWNG7CK9+QY1J/XChYXsTKuWijU=
github.com/mjcarpent/calc-lib v0.0.0/go.mod h1:/n0OCkytc3tym2/ZEvuqZmbZdniqB4rvHJg5hF6ovK0=
github.com/mjcarpent/calc-lib v0.1.0 h1:cCB9H2a5V5anpzt451KQ7sXBulfiz9+xVuPe6Cdo1R4=
github.com/mjcarpent/calc-lib v0.1.0/go.mod h1:/n0OCkytc3tym2/ZEvuqZmbZdniqB4rvHJg5hF6ovK0=
